
Microsoft Visual Studio Solution File, Format Version 12.00
# Visual Studio Version 16
VisualStudioVersion = 16.0.32602.291
MinimumVisualStudioVersion = 10.0.40219.1
Project("{FAE04EC0-301F-11D3-BF4B-00C04F79EFBC}") = "GroupChatWithFileSharing", "GroupChatWithFileSharing\GroupChatWithFileSharing.csproj", "{DC45565C-5458-4B8B-8B43-D9F765BECC87}"
EndProject
Global
	GlobalSection(SolutionConfigurationPlatforms) = preSolution
		Debug|Any CPU = Debug|Any CPU
		Release|Any CPU = Release|Any CPU
	EndGlobalSection
	GlobalSection(ProjectConfigurationPlatforms) = postSolution
		{DC45565C-5458-4B8B-8B43-D9F765BECC87}.Debug|Any CPU.ActiveCfg = Debug|Any CPU
		{DC45565C-5458-4B8B-8B43-D9F765BECC87}.Debug|Any CPU.Build.0 = Debug|Any CPU
		{DC45565C-5458-4B8B-8B43-D9F765BECC87}.Release|Any CPU.ActiveCfg = Release|Any CPU
		{DC45565C-5458-4B8B-8B43-D9F765BECC87}.Release|Any CPU.Build.0 = Release|Any CPU
	EndGlobalSection
	GlobalSection(SolutionProperties) = preSolution
		HideSolutionNode = FALSE
	EndGlobalSection
	GlobalSection(ExtensibilityGlobals) = postSolution
		SolutionGuid = {2D2D9EB3-2983-48D1-8CFC-00EF6A7B91EE}
	EndGlobalSection
EndGlobal
